// !$*UTF8*$!
{
	archiveVersion = 1;
	classes = {
	};
	objectVersion = 46;
	objects = {

/* Begin PBXBuildFile section */
		5EC8188916452196007F4624 /* UIKit.framework in Frameworks */ = {isa = PBXBuildFile; fileRef = 5EC8188816452196007F4624 /* UIKit.framework */; };
		5EC8188B16452196007F4624 /* Foundation.framework in Frameworks */ = {isa = PBXBuildFile; fileRef = 5EC8188A16452196007F4624 /* Foundation.framework */; };
		5EC8188D16452196007F4624 /* CoreGraphics.framework in Frameworks */ = {isa = PBXBuildFile; fileRef = 5EC8188C16452196007F4624 /* CoreGraphics.framework */; };
		5EC8189316452196007F4624 /* InfoPlist.strings in Resources */ = {isa = PBXBuildFile; fileRef = 5EC8189116452196007F4624 /* InfoPlist.strings */; };
		5EC8189516452196007F4624 /* main.m in Sources */ = {isa = PBXBuildFile; fileRef = 5EC8189416452196007F4624 /* main.m */; };
		5EC8189916452196007F4624 /* AppDelegate.m in Sources */ = {isa = PBXBuildFile; fileRef = 5EC8189816452196007F4624 /* AppDelegate.m */; };
		5EC8189B16452196007F4624 /* Default.png in Resources */ = {isa = PBXBuildFile; fileRef = 5EC8189A16452196007F4624 /* Default.png */; };
		5EC8189D16452196007F4624 /* Default@2x.png in Resources */ = {isa = PBXBuildFile; fileRef = 5EC8189C16452196007F4624 /* Default@2x.png */; };
		5EC8189F16452196007F4624 /* Default-568h@2x.png in Resources */ = {isa = PBXBuildFile; fileRef = 5EC8189E16452196007F4624 /* Default-568h@2x.png */; };
		5EC818A216452196007F4624 /* ViewController.m in Sources */ = {isa = PBXBuildFile; fileRef = 5EC818A116452196007F4624 /* ViewController.m */; };
		5EC818A516452196007F4624 /* ViewController_iPhone.xib in Resources */ = {isa = PBXBuildFile; fileRef = 5EC818A316452196007F4624 /* ViewController_iPhone.xib */; };
		5EC818A816452196007F4624 /* ViewController_iPad.xib in Resources */ = {isa = PBXBuildFile; fileRef = 5EC818A616452196007F4624 /* ViewController_iPad.xib */; };
		5EC818BE16452757007F4624 /* MapViewController.m in Sources */ = {isa = PBXBuildFile; fileRef = 5EC818BD16452757007F4624 /* MapViewController.m */; };
		5EC818C0164527DA007F4624 /* MapView.xib in Resources */ = {isa = PBXBuildFile; fileRef = 5EC818BF164527DA007F4624 /* MapView.xib */; };
		5EC818CC16453549007F4624 /* MapKit.framework in Frameworks */ = {isa = PBXBuildFile; fileRef = 5EC818CB16453549007F4624 /* MapKit.framework */; };
		5EC818CE16453554007F4624 /* CoreLocation.framework in Frameworks */ = {isa = PBXBuildFile; fileRef = 5EC818CD16453554007F4624 /* CoreLocation.framework */; };
		5EC818D01646142B007F4624 /* dev notes.rtf in Resources */ = {isa = PBXBuildFile; fileRef = 5EC818CF1646142B007F4624 /* dev notes.rtf */; };
		5EC818E616463869007F4624 /* ANONPlace.m in Sources */ = {isa = PBXBuildFile; fileRef = 5EC818E516463869007F4624 /* ANONPlace.m */; };
		5EC818ED16465E3F007F4624 /* MosqueAnnotation.m in Sources */ = {isa = PBXBuildFile; fileRef = 5EC818EC16465E3E007F4624 /* MosqueAnnotation.m */; };
		5EC818F016467CCE007F4624 /* PoiDetailViewController.m in Sources */ = {isa = PBXBuildFile; fileRef = 5EC818EF16467CCE007F4624 /* PoiDetailViewController.m */; };
		5EC818F216467D54007F4624 /* PoiDetailView_iPhone.xib in Resources */ = {isa = PBXBuildFile; fileRef = 5EC818F116467D54007F4624 /* PoiDetailView_iPhone.xib */; };
		5EC818F416469652007F4624 /* iAd.framework in Frameworks */ = {isa = PBXBuildFile; fileRef = 5EC818F316469652007F4624 /* iAd.framework */; };
		F7211F2C164A21EC00BED245 /* Marker.png in Resources */ = {isa = PBXBuildFile; fileRef = F7211F2B164A21EC00BED245 /* Marker.png */; };
		F77BB8C1164AB915007CEB2E /* 2689470945_f97a4af22b.jpg in Resources */ = {isa = PBXBuildFile; fileRef = F77BB8C0164AB915007CEB2E /* 2689470945_f97a4af22b.jpg */; };
		F77BB8C4164AC39B007CEB2E /* religious_mosque_bg_64-152ffde52e1d0552e4256a1a483def85.png in Resources */ = {isa = PBXBuildFile; fileRef = F77BB8C3164AC39B007CEB2E /* religious_mosque_bg_64-152ffde52e1d0552e4256a1a483def85.png */; };
		F7B974F4164BA9BF00C2C1B7 /* loading.gif in Resources */ = {isa = PBXBuildFile; fileRef = F7B974F3164BA9BF00C2C1B7 /* loading.gif */; };
		F7B97506164BB43200C2C1B7 /* UIImage+animatedGIF.m in Sources */ = {isa = PBXBuildFile; fileRef = F7B97505164BB43200C2C1B7 /* UIImage+animatedGIF.m */; };
		F7B97508164BB51600C2C1B7 /* ImageIO.framework in Frameworks */ = {isa = PBXBuildFile; fileRef = F7B97507164BB51600C2C1B7 /* ImageIO.framework */; };
		F7B9750A164BB8BA00C2C1B7 /* silhouette.png in Resources */ = {isa = PBXBuildFile; fileRef = F7B97509164BB8BA00C2C1B7 /* silhouette.png */; };
/* End PBXBuildFile section */

/* Begin PBXFileReference section */
		5EC8188416452196007F4624 /* PencariMasjid.app */ = {isa = PBXFileReference; explicitFileType = wrapper.application; includeInIndex = 0; path = PencariMasjid.app; sourceTree = BUILT_PRODUCTS_DIR; };
		5EC8188816452196007F4624 /* UIKit.framework */ = {isa = PBXFileReference; lastKnownFileType = wrapper.framework; name = UIKit.framework; path = System/Library/Frameworks/UIKit.framework; sourceTree = SDKROOT; };
		5EC8188A16452196007F4624 /* Foundation.framework */ = {isa = PBXFileReference; lastKnownFileType = wrapper.framework; name = Foundation.framework; path = System/Library/Frameworks/Foundation.framework; sourceTree = SDKROOT; };
		5EC8188C16452196007F4624 /* CoreGraphics.framework */ = {isa = PBXFileReference; lastKnownFileType = wrapper.framework; name = CoreGraphics.framework; path = System/Library/Frameworks/CoreGraphics.framework; sourceTree = SDKROOT; };
		5EC8189016452196007F4624 /* PencariMasjid-Info.plist */ = {isa = PBXFileReference; lastKnownFileType = text.plist.xml; path = "PencariMasjid-Info.plist"; sourceTree = "<group>"; };
		5EC8189216452196007F4624 /* en */ = {isa = PBXFileReference; lastKnownFileType = text.plist.strings; name = en; path = en.lproj/InfoPlist.strings; sourceTree = "<group>"; };
		5EC8189416452196007F4624 /* main.m */ = {isa = PBXFileReference; lastKnownFileType = sourcecode.c.objc; path = main.m; sourceTree = "<group>"; };
		5EC8189616452196007F4624 /* PencariMasjid-Prefix.pch */ = {isa = PBXFileReference; lastKnownFileType = sourcecode.c.h; path = "PencariMasjid-Prefix.pch"; sourceTree = "<group>"; };
		5EC8189716452196007F4624 /* AppDelegate.h */ = {isa = PBXFileReference; lastKnownFileType = sourcecode.c.h; path = AppDelegate.h; sourceTree = "<group>"; };
		5EC8189816452196007F4624 /* AppDelegate.m */ = {isa = PBXFileReference; lastKnownFileType = sourcecode.c.objc; path = AppDelegate.m; sourceTree = "<group>"; };
		5EC8189A16452196007F4624 /* Default.png */ = {isa = PBXFileReference; lastKnownFileType = image.png; path = Default.png; sourceTree = "<group>"; };
		5EC8189C16452196007F4624 /* Default@2x.png */ = {isa = PBXFileReference; lastKnownFileType = image.png; path = "Default@2x.png"; sourceTree = "<group>"; };
		5EC8189E16452196007F4624 /* Default-568h@2x.png */ = {isa = PBXFileReference; lastKnownFileType = image.png; path = "Default-568h@2x.png"; sourceTree = "<group>"; };
		5EC818A016452196007F4624 /* ViewController.h */ = {isa = PBXFileReference; lastKnownFileType = sourcecode.c.h; path = ViewController.h; sourceTree = "<group>"; };
		5EC818A116452196007F4624 /* ViewController.m */ = {isa = PBXFileReference; lastKnownFileType = sourcecode.c.objc; path = ViewController.m; sourceTree = "<group>"; };
		5EC818A416452196007F4624 /* en */ = {isa = PBXFileReference; lastKnownFileType = file.xib; name = en; path = en.lproj/ViewController_iPhone.xib; sourceTree = "<group>"; };
		5EC818A716452196007F4624 /* en */ = {isa = PBXFileReference; lastKnownFileType = file.xib; name = en; path = en.lproj/ViewController_iPad.xib; sourceTree = "<group>"; };
		5EC818BC16452757007F4624 /* MapViewController.h */ = {isa = PBXFileReference; fileEncoding = 4; lastKnownFileType = sourcecode.c.h; name = MapViewController.h; path = Controllers/MapViewController.h; sourceTree = "<group>"; };
		5EC818BD16452757007F4624 /* MapViewController.m */ = {isa = PBXFileReference; fileEncoding = 4; lastKnownFileType = sourcecode.c.objc; name = MapViewController.m; path = Controllers/MapViewController.m; sourceTree = "<group>"; };
		5EC818BF164527DA007F4624 /* MapView.xib */ = {isa = PBXFileReference; fileEncoding = 4; lastKnownFileType = file.xib; name = MapView.xib; path = Views/MapView.xib; sourceTree = "<group>"; };
		5EC818CB16453549007F4624 /* MapKit.framework */ = {isa = PBXFileReference; lastKnownFileType = wrapper.framework; name = MapKit.framework; path = System/Library/Frameworks/MapKit.framework; sourceTree = SDKROOT; };
		5EC818CD16453554007F4624 /* CoreLocation.framework */ = {isa = PBXFileReference; lastKnownFileType = wrapper.framework; name = CoreLocation.framework; path = System/Library/Frameworks/CoreLocation.framework; sourceTree = SDKROOT; };
		5EC818CF1646142B007F4624 /* dev notes.rtf */ = {isa = PBXFileReference; fileEncoding = 4; lastKnownFileType = text.rtf; path = "dev notes.rtf"; sourceTree = "<group>"; };
		5EC818E416463869007F4624 /* ANONPlace.h */ = {isa = PBXFileReference; fileEncoding = 4; lastKnownFileType = sourcecode.c.h; name = ANONPlace.h; path = Classes/ANONPlace.h; sourceTree = "<group>"; };
		5EC818E516463869007F4624 /* ANONPlace.m */ = {isa = PBXFileReference; fileEncoding = 4; lastKnownFileType = sourcecode.c.objc; name = ANONPlace.m; path = Classes/ANONPlace.m; sourceTree = "<group>"; };
		5EC818EB16465E3E007F4624 /* MosqueAnnotation.h */ = {isa = PBXFileReference; fileEncoding = 4; lastKnownFileType = sourcecode.c.h; name = MosqueAnnotation.h; path = Classes/MosqueAnnotation.h; sourceTree = "<group>"; };
		5EC818EC16465E3E007F4624 /* MosqueAnnotation.m */ = {isa = PBXFileReference; fileEncoding = 4; lastKnownFileType = sourcecode.c.objc; name = MosqueAnnotation.m; path = Classes/MosqueAnnotation.m; sourceTree = "<group>"; };
		5EC818EE16467CCE007F4624 /* PoiDetailViewController.h */ = {isa = PBXFileReference; fileEncoding = 4; lastKnownFileType = sourcecode.c.h; name = PoiDetailViewController.h; path = Controllers/PoiDetailViewController.h; sourceTree = "<group>"; };
		5EC818EF16467CCE007F4624 /* PoiDetailViewController.m */ = {isa = PBXFileReference; fileEncoding = 4; lastKnownFileType = sourcecode.c.objc; name = PoiDetailViewController.m; path = Controllers/PoiDetailViewController.m; sourceTree = "<group>"; };
		5EC818F116467D54007F4624 /* PoiDetailView_iPhone.xib */ = {isa = PBXFileReference; fileEncoding = 4; lastKnownFileType = file.xib; name = PoiDetailView_iPhone.xib; path = Views/PoiDetailView_iPhone.xib; sourceTree = "<group>"; };
		5EC818F316469652007F4624 /* iAd.framework */ = {isa = PBXFileReference; lastKnownFileType = wrapper.framework; name = iAd.framework; path = System/Library/Frameworks/iAd.framework; sourceTree = SDKROOT; };
		F7211F2B164A21EC00BED245 /* Marker.png */ = {isa = PBXFileReference; lastKnownFileType = image.png; path = Marker.png; sourceTree = "<group>"; };
		F77BB8C0164AB915007CEB2E /* 2689470945_f97a4af22b.jpg */ = {isa = PBXFileReference; lastKnownFileType = image.jpeg; path = 2689470945_f97a4af22b.jpg; sourceTree = "<group>"; };
		F77BB8C3164AC39B007CEB2E /* religious_mosque_bg_64-152ffde52e1d0552e4256a1a483def85.png */ = {isa = PBXFileReference; lastKnownFileType = image.png; path = "religious_mosque_bg_64-152ffde52e1d0552e4256a1a483def85.png"; sourceTree = "<group>"; };
		F7B974F3164BA9BF00C2C1B7 /* loading.gif */ = {isa = PBXFileReference; lastKnownFileType = image.gif; path = loading.gif; sourceTree = "<group>"; };
		F7B97504164BB43200C2C1B7 /* UIImage+animatedGIF.h */ = {isa = PBXFileReference; fileEncoding = 4; lastKnownFileType = sourcecode.c.h; path = "UIImage+animatedGIF.h"; sourceTree = "<group>"; };
		F7B97505164BB43200C2C1B7 /* UIImage+animatedGIF.m */ = {isa = PBXFileReference; fileEncoding = 4; lastKnownFileType = sourcecode.c.objc; path = "UIImage+animatedGIF.m"; sourceTree = "<group>"; };
		F7B97507164BB51600C2C1B7 /* ImageIO.framework */ = {isa = PBXFileReference; lastKnownFileType = wrapper.framework; name = ImageIO.framework; path = System/Library/Frameworks/ImageIO.framework; sourceTree = SDKROOT; };
		F7B97509164BB8BA00C2C1B7 /* silhouette.png */ = {isa = PBXFileReference; lastKnownFileType = image.png; path = silhouette.png; sourceTree = "<group>"; };
/* End PBXFileReference section */

/* Begin PBXFrameworksBuildPhase section */
		5EC8188116452196007F4624 /* Frameworks */ = {
			isa = PBXFrameworksBuildPhase;
			buildActionMask = 2147483647;
			files = (
				F7B97508164BB51600C2C1B7 /* ImageIO.framework in Frameworks */,
				5EC818F416469652007F4624 /* iAd.framework in Frameworks */,
				5EC818CE16453554007F4624 /* CoreLocation.framework in Frameworks */,
				5EC818CC16453549007F4624 /* MapKit.framework in Frameworks */,
				5EC8188916452196007F4624 /* UIKit.framework in Frameworks */,
				5EC8188B16452196007F4624 /* Foundation.framework in Frameworks */,
				5EC8188D16452196007F4624 /* CoreGraphics.framework in Frameworks */,
			);
			runOnlyForDeploymentPostprocessing = 0;
		};
/* End PBXFrameworksBuildPhase section */

/* Begin PBXGroup section */
		5EC8187916452195007F4624 = {
			isa = PBXGroup;
			children = (
				F7B97507164BB51600C2C1B7 /* ImageIO.framework */,
				5EC8188E16452196007F4624 /* PencariMasjid */,
				5EC8188716452196007F4624 /* Frameworks */,
				5EC8188516452196007F4624 /* Products */,
			);
			sourceTree = "<group>";
		};
		5EC8188516452196007F4624 /* Products */ = {
			isa = PBXGroup;
			children = (
				5EC8188416452196007F4624 /* PencariMasjid.app */,
			);
			name = Products;
			sourceTree = "<group>";
		};
		5EC8188716452196007F4624 /* Frameworks */ = {
			isa = PBXGroup;
			children = (
				5EC818F316469652007F4624 /* iAd.framework */,
				5EC818CB16453549007F4624 /* MapKit.framework */,
				5EC818CD16453554007F4624 /* CoreLocation.framework */,
				5EC8188816452196007F4624 /* UIKit.framework */,
				5EC8188A16452196007F4624 /* Foundation.framework */,
				5EC8188C16452196007F4624 /* CoreGraphics.framework */,
			);
			name = Frameworks;
			sourceTree = "<group>";
		};
		5EC8188E16452196007F4624 /* PencariMasjid */ = {
			isa = PBXGroup;
			children = (
				5EC818E316463748007F4624 /* Classes */,
				5EC818B9164525C8007F4624 /* Controllers */,
				5EC818BA164525DA007F4624 /* Views */,
				5EC8189716452196007F4624 /* AppDelegate.h */,
				5EC8189816452196007F4624 /* AppDelegate.m */,
				5EC818A016452196007F4624 /* ViewController.h */,
				5EC818A116452196007F4624 /* ViewController.m */,
				5EC818A316452196007F4624 /* ViewController_iPhone.xib */,
				5EC818A616452196007F4624 /* ViewController_iPad.xib */,
				5EC8188F16452196007F4624 /* Supporting Files */,
				5EC818CF1646142B007F4624 /* dev notes.rtf */,
			);
			path = PencariMasjid;
			sourceTree = "<group>";
		};
		5EC8188F16452196007F4624 /* Supporting Files */ = {
			isa = PBXGroup;
			children = (
				F7B97509164BB8BA00C2C1B7 /* silhouette.png */,
				F7B974F3164BA9BF00C2C1B7 /* loading.gif */,
				F77BB8C3164AC39B007CEB2E /* religious_mosque_bg_64-152ffde52e1d0552e4256a1a483def85.png */,
				F77BB8C0164AB915007CEB2E /* 2689470945_f97a4af22b.jpg */,
				F7211F2B164A21EC00BED245 /* Marker.png */,
				5EC8189016452196007F4624 /* PencariMasjid-Info.plist */,
				5EC8189116452196007F4624 /* InfoPlist.strings */,
				5EC8189416452196007F4624 /* main.m */,
				5EC8189616452196007F4624 /* PencariMasjid-Prefix.pch */,
				5EC8189A16452196007F4624 /* Default.png */,
				5EC8189C16452196007F4624 /* Default@2x.png */,
				5EC8189E16452196007F4624 /* Default-568h@2x.png */,
			);
			name = "Supporting Files";
			sourceTree = "<group>";
		};
		5EC818B9164525C8007F4624 /* Controllers */ = {
			isa = PBXGroup;
			children = (
				5EC818BC16452757007F4624 /* MapViewController.h */,
				5EC818BD16452757007F4624 /* MapViewController.m */,
				5EC818EE16467CCE007F4624 /* PoiDetailViewController.h */,
				5EC818EF16467CCE007F4624 /* PoiDetailViewController.m */,
			);
			name = Controllers;
			sourceTree = "<group>";
		};
		5EC818BA164525DA007F4624 /* Views */ = {
			isa = PBXGroup;
			children = (
				5EC818BF164527DA007F4624 /* MapView.xib */,
				5EC818F116467D54007F4624 /* PoiDetailView_iPhone.xib */,
			);
			name = Views;
			sourceTree = "<group>";
		};
		5EC818E316463748007F4624 /* Classes */ = {
			isa = PBXGroup;
			children = (
				F7B97504164BB43200C2C1B7 /* UIImage+animatedGIF.h */,
				F7B97505164BB43200C2C1B7 /* UIImage+animatedGIF.m */,
				5EC818E416463869007F4624 /* ANONPlace.h */,
				5EC818E516463869007F4624 /* ANONPlace.m */,
				5EC818EB16465E3E007F4624 /* MosqueAnnotation.h */,
				5EC818EC16465E3E007F4624 /* MosqueAnnotation.m */,
			);
			name = Classes;
			sourceTree = "<group>";
		};
/* End PBXGroup section */

/* Begin PBXNativeTarget section */
		5EC8188316452196007F4624 /* PencariMasjid */ = {
			isa = PBXNativeTarget;
			buildConfigurationList = 5EC818AB16452196007F4624 /* Build configuration list for PBXNativeTarget "PencariMasjid" */;
			buildPhases = (
				5EC8188016452196007F4624 /* Sources */,
				5EC8188116452196007F4624 /* Frameworks */,
				5EC8188216452196007F4624 /* Resources */,
			);
			buildRules = (
			);
			dependencies = (
			);
			name = PencariMasjid;
			productName = PencariMasjid;
			productReference = 5EC8188416452196007F4624 /* PencariMasjid.app */;
			productType = "com.apple.product-type.application";
		};
/* End PBXNativeTarget section */

/* Begin PBXProject section */
		5EC8187B16452196007F4624 /* Project object */ = {
			isa = PBXProject;
			attributes = {
				LastUpgradeCheck = 0450;
				ORGANIZATIONNAME = "Himawan Putra";
			};
			buildConfigurationList = 5EC8187E16452196007F4624 /* Build configuration list for PBXProject "PencariMasjid" */;
			compatibilityVersion = "Xcode 3.2";
			developmentRegion = English;
			hasScannedForEncodings = 0;
			knownRegions = (
				en,
			);
			mainGroup = 5EC8187916452195007F4624;
			productRefGroup = 5EC8188516452196007F4624 /* Products */;
			projectDirPath = "";
			projectRoot = "";
			targets = (
				5EC8188316452196007F4624 /* PencariMasjid */,
			);
		};
/* End PBXProject section */

/* Begin PBXResourcesBuildPhase section */
		5EC8188216452196007F4624 /* Resources */ = {
			isa = PBXResourcesBuildPhase;
			buildActionMask = 2147483647;
			files = (
				5EC8189316452196007F4624 /* InfoPlist.strings in Resources */,
				5EC8189B16452196007F4624 /* Default.png in Resources */,
				5EC8189D16452196007F4624 /* Default@2x.png in Resources */,
				5EC8189F16452196007F4624 /* Default-568h@2x.png in Resources */,
				5EC818A516452196007F4624 /* ViewController_iPhone.xib in Resources */,
				5EC818A816452196007F4624 /* ViewController_iPad.xib in Resources */,
				5EC818C0164527DA007F4624 /* MapView.xib in Resources */,
				5EC818D01646142B007F4624 /* dev notes.rtf in Resources */,
				5EC818F216467D54007F4624 /* PoiDetailView_iPhone.xib in Resources */,
				F7211F2C164A21EC00BED245 /* Marker.png in Resources */,
				F77BB8C1164AB915007CEB2E /* 2689470945_f97a4af22b.jpg in Resources */,
				F77BB8C4164AC39B007CEB2E /* religious_mosque_bg_64-152ffde52e1d0552e4256a1a483def85.png in Resources */,
				F7B974F4164BA9BF00C2C1B7 /* loading.gif in Resources */,
				F7B9750A164BB8BA00C2C1B7 /* silhouette.png in Resources */,
			);
			runOnlyForDeploymentPostprocessing = 0;
		};
/* End PBXResourcesBuildPhase section */

/* Begin PBXSourcesBuildPhase section */
		5EC8188016452196007F4624 /* Sources */ = {
			isa = PBXSourcesBuildPhase;
			buildActionMask = 2147483647;
			files = (
				5EC8189516452196007F4624 /* main.m in Sources */,
				5EC8189916452196007F4624 /* AppDelegate.m in Sources */,
				5EC818A216452196007F4624 /* ViewController.m in Sources */,
				5EC818BE16452757007F4624 /* MapViewController.m in Sources */,
				5EC818E616463869007F4624 /* ANONPlace.m in Sources */,
				5EC818ED16465E3F007F4624 /* MosqueAnnotation.m in Sources */,
				5EC818F016467CCE007F4624 /* PoiDetailViewController.m in Sources */,
				F7B97506164BB43200C2C1B7 /* UIImage+animatedGIF.m in Sources */,
			);
			runOnlyForDeploymentPostprocessing = 0;
		};
/* End PBXSourcesBuildPhase section */

/* Begin PBXVariantGroup section */
		5EC8189116452196007F4624 /* InfoPlist.strings */ = {
			isa = PBXVariantGroup;
			children = (
				5EC8189216452196007F4624 /* en */,
			);
			name = InfoPlist.strings;
			sourceTree = "<group>";
		};
		5EC818A316452196007F4624 /* ViewController_iPhone.xib */ = {
			isa = PBXVariantGroup;
			children = (
				5EC818A416452196007F4624 /* en */,
			);
			name = ViewController_iPhone.xib;
			sourceTree = "<group>";
		};
		5EC818A616452196007F4624 /* ViewController_iPad.xib */ = {
			isa = PBXVariantGroup;
			children = (
				5EC818A716452196007F4624 /* en */,
			);
			name = ViewController_iPad.xib;
			sourceTree = "<group>";
		};
/* End PBXVariantGroup section */

/* Begin XCBuildConfiguration section */
		5EC818A916452196007F4624 /* Debug */ = {
			isa = XCBuildConfiguration;
			buildSettings = {
				ALWAYS_SEARCH_USER_PATHS = NO;
				CLANG_CXX_LANGUAGE_STANDARD = "gnu++0x";
				CLANG_CXX_LIBRARY = "libc++";
				CLANG_ENABLE_OBJC_ARC = YES;
				CLANG_WARN_EMPTY_BODY = YES;
				CLANG_WARN__DUPLICATE_METHOD_MATCH = YES;
				"CODE_SIGN_IDENTITY[sdk=iphoneos*]" = "iPhone Developer";
				COPY_PHASE_STRIP = NO;
				GCC_C_LANGUAGE_STANDARD = gnu99;
				GCC_DYNAMIC_NO_PIC = NO;
				GCC_OPTIMIZATION_LEVEL = 0;
				GCC_PREPROCESSOR_DEFINITIONS = (
					"DEBUG=1",
					"$(inherited)",
				);
				GCC_SYMBOLS_PRIVATE_EXTERN = NO;
				GCC_WARN_ABOUT_RETURN_TYPE = YES;
				GCC_WARN_UNINITIALIZED_AUTOS = YES;
				GCC_WARN_UNUSED_VARIABLE = YES;
				IPHONEOS_DEPLOYMENT_TARGET = 6.0;
				ONLY_ACTIVE_ARCH = YES;
				SDKROOT = iphoneos;
				TARGETED_DEVICE_FAMILY = "1,2";
			};
			name = Debug;
		};
		5EC818AA16452196007F4624 /* Release */ = {
			isa = XCBuildConfiguration;
			buildSettings = {
				ALWAYS_SEARCH_USER_PATHS = NO;
				CLANG_CXX_LANGUAGE_STANDARD = "gnu++0x";
				CLANG_CXX_LIBRARY = "libc++";
				CLANG_ENABLE_OBJC_ARC = YES;
				CLANG_WARN_EMPTY_BODY = YES;
				CLANG_WARN__DUPLICATE_METHOD_MATCH = YES;
				"CODE_SIGN_IDENTITY[sdk=iphoneos*]" = "iPhone Developer";
				COPY_PHASE_STRIP = YES;
				GCC_C_LANGUAGE_STANDARD = gnu99;
				GCC_WARN_ABOUT_RETURN_TYPE = YES;
				GCC_WARN_UNINITIALIZED_AUTOS = YES;
				GCC_WARN_UNUSED_VARIABLE = YES;
				IPHONEOS_DEPLOYMENT_TARGET = 6.0;
				OTHER_CFLAGS = "-DNS_BLOCK_ASSERTIONS=1";
				SDKROOT = iphoneos;
				TARGETED_DEVICE_FAMILY = "1,2";
				VALIDATE_PRODUCT = YES;
			};
			name = Release;
		};
		5EC818AC16452196007F4624 /* Debug */ = {
			isa = XCBuildConfiguration;
			buildSettings = {
				"CODE_SIGN_IDENTITY[sdk=iphoneos*]" = "iPhone Developer: Himawan Anindya Putra (FPTG3BN96L)";
				GCC_PRECOMPILE_PREFIX_HEADER = YES;
				GCC_PREFIX_HEADER = "PencariMasjid/PencariMasjid-Prefix.pch";
				INFOPLIST_FILE = "PencariMasjid/PencariMasjid-Info.plist";
				IPHONEOS_DEPLOYMENT_TARGET = 5.0;
				PRODUCT_NAME = "$(TARGET_NAME)";
				"PROVISIONING_PROFILE[sdk=iphoneos*]" = "108777ED-6D9A-48D2-8B36-129C2E21582E";
				WRAPPER_EXTENSION = app;
			};
			name = Debug;
		};
		5EC818AD16452196007F4624 /* Release */ = {
			isa = XCBuildConfiguration;
			buildSettings = {
				GCC_PRECOMPILE_PREFIX_HEADER = YES;
				GCC_PREFIX_HEADER = "PencariMasjid/PencariMasjid-Prefix.pch";
				INFOPLIST_FILE = "PencariMasjid/PencariMasjid-Info.plist";
				IPHONEOS_DEPLOYMENT_TARGET = 5.0;
				PRODUCT_NAME = "$(TARGET_NAME)";
				WRAPPER_EXTENSION = app;
			};
			name = Release;
		};
/* End XCBuildConfiguration section */

/* Begin XCConfigurationList section */
		5EC8187E16452196007F4624 /* Build configuration list for PBXProject "PencariMasjid" */ = {
			isa = XCConfigurationList;
			buildConfigurations = (
				5EC818A916452196007F4624 /* Debug */,
				5EC818AA16452196007F4624 /* Release */,
			);
			defaultConfigurationIsVisible = 0;
			defaultConfigurationName = Release;
		};
		5EC818AB16452196007F4624 /* Build configuration list for PBXNativeTarget "PencariMasjid" */ = {
			isa = XCConfigurationList;
			buildConfigurations = (
				5EC818AC16452196007F4624 /* Debug */,
				5EC818AD16452196007F4624 /* Release */,
			);
			defaultConfigurationIsVisible = 0;
			defaultConfigurationName = Release;
		};
/* End XCConfigurationList section */
	};
	rootObject = 5EC8187B16452196007F4624 /* Project object */;
}
